
Microsoft Visual Studio Solution File, Format Version 12.00
# Visual Studio Version 17
VisualStudioVersion = 17.6.33723.286
MinimumVisualStudioVersion = 10.0.40219.1
Project("{9A19103F-16F7-4668-BE54-9A1E7A4F7556}") = "Gestor.UI", "Gestor.UI\Gestor.UI.csproj", "{EBECEB5F-3272-4B8A-9D31-CB7FAB9B49B5}"
EndProject
Project("{9A19103F-16F7-4668-BE54-9A1E7A4F7556}") = "GestorDeRed.SI", "GestorDeRed.SI\GestorDeRed.SI.csproj", "{13F0E574-0FFF-4812-9FBD-656745297259}"
EndProject
Global
	GlobalSection(SolutionConfigurationPlatforms) = preSolution
		Debug|Any CPU = Debug|Any CPU
		Release|Any CPU = Release|Any CPU
	EndGlobalSection
	GlobalSection(ProjectConfigurationPlatforms) = postSolution
		{EBECEB5F-3272-4B8A-9D31-CB7FAB9B49B5}.Debug|Any CPU.ActiveCfg = Debug|Any CPU
		{EBECEB5F-3272-4B8A-9D31-CB7FAB9B49B5}.Debug|Any CPU.Build.0 = Debug|Any CPU
		{EBECEB5F-3272-4B8A-9D31-CB7FAB9B49B5}.Release|Any CPU.ActiveCfg = Release|Any CPU
		{EBECEB5F-3272-4B8A-9D31-CB7FAB9B49B5}.Release|Any CPU.Build.0 = Release|Any CPU
		{13F0E574-0FFF-4812-9FBD-656745297259}.Debug|Any CPU.ActiveCfg = Debug|Any CPU
		{13F0E574-0FFF-4812-9FBD-656745297259}.Debug|Any CPU.Build.0 = Debug|Any CPU
		{13F0E574-0FFF-4812-9FBD-656745297259}.Release|Any CPU.ActiveCfg = Release|Any CPU
		{13F0E574-0FFF-4812-9FBD-656745297259}.Release|Any CPU.Build.0 = Release|Any CPU
	EndGlobalSection
	GlobalSection(SolutionProperties) = preSolution
		HideSolutionNode = FALSE
	EndGlobalSection
	GlobalSection(ExtensibilityGlobals) = postSolution
		SolutionGuid = {D7660F63-D84C-41E1-A2EA-DFB6B3AA867A}
	EndGlobalSection
EndGlobal
